
Microsoft Visual Studio Solution File, Format Version 12.00
# Visual Studio Version 17
VisualStudioVersion = 17.6.33815.320
MinimumVisualStudioVersion = 10.0.40219.1
Project("{FAE04EC0-301F-11D3-BF4B-00C04F79EFBC}") = "deneme1", "deneme1\deneme1.csproj", "{F2655641-9C56-419F-AAB5-BA419CBD9D3C}"
EndProject
Global
	GlobalSection(SolutionConfigurationPlatforms) = preSolution
		Debug|Any CPU = Debug|Any CPU
		Release|Any CPU = Release|Any CPU
	EndGlobalSection
	GlobalSection(ProjectConfigurationPlatforms) = postSolution
		{F2655641-9C56-419F-AAB5-BA419CBD9D3C}.Debug|Any CPU.ActiveCfg = Debug|Any CPU
		{F2655641-9C56-419F-AAB5-BA419CBD9D3C}.Debug|Any CPU.Build.0 = Debug|Any CPU
		{F2655641-9C56-419F-AAB5-BA419CBD9D3C}.Release|Any CPU.ActiveCfg = Release|Any CPU
		{F2655641-9C56-419F-AAB5-BA419CBD9D3C}.Release|Any CPU.Build.0 = Release|Any CPU
	EndGlobalSection
	GlobalSection(SolutionProperties) = preSolution
		HideSolutionNode = FALSE
	EndGlobalSection
	GlobalSection(ExtensibilityGlobals) = postSolution
		SolutionGuid = {98372564-CB6C-40CB-A868-2C7295E01743}
	EndGlobalSection
EndGlobal
